{
	"_readme" : [
		"This file locks the dependencies of your project to a known state",
		"Read more about it at https://getcomposer.org/doc/01-basic-usage.md#installing-dependencies",
		"This file is @generated automatically"
	],
	"content-hash" : "eeae21707636c9f2ffcf92fbba50fe64",
	"packages" : [{
			"name" : "atgp/factur-x",
			"version" : "v1.0.2",
			"source" : {
				"type" : "git",
				"url" : "https://github.com/atgp/factur-x.git",
				"reference" : "aeebae34167831b936100a2285d22dec1c62aa2a"
			},
			"dist" : {
				"type" : "zip",
				"url" : "https://api.github.com/repos/atgp/factur-x/zipball/aeebae34167831b936100a2285d22dec1c62aa2a",
				"reference" : "aeebae34167831b936100a2285d22dec1c62aa2a",
				"shasum" : ""
			},
			"require" : {
				"ext-dom" : "*",
				"ext-fileinfo" : "*",
				"ext-libxml" : "*",
				"ext-simplexml" : "*",
				"ext-zlib" : "*",
				"php" : ">=5.6",
				"setasign/fpdf" : "^1.8",
				"setasign/fpdi" : "^2.0",
				"smalot/pdfparser" : "^0.19.0"
			},
			"type" : "library",
			"autoload" : {
				"psr-4" : {
					"Atgp\\FacturX\\" : "src/"
				}
			},
			"notification-url" : "https://packagist.org/downloads/",
			"license" : [
				"MIT"
			],
			"authors" : [{
					"name" : "Lucas Gouy-Pailler",
					"email" : "lucas.gouypailler@atgp.net"
				}
			],
			"description" : "PHP library to manage your Factur-X / ZUGFeRD 2.0 PDF invoices files",
			"keywords" : [
				"ZUGFeRD",
				"factur-x",
				"invoice",
				"pdf",
				"php",
				"xml"
			],
			"support" : {
				"issues" : "https://github.com/atgp/factur-x/issues",
				"source" : "https://github.com/atgp/factur-x/tree/v1.0.2"
			},
			"time" : "2021-06-01T08:43:52+00:00"
		}, {
			"name" : "setasign/fpdf",
			"version" : "1.8.4",
			"source" : {
				"type" : "git",
				"url" : "https://github.com/Setasign/FPDF.git",
				"reference" : "b0ddd9c5b98ced8230ef38534f6f3c17308a7974"
			},
			"dist" : {
				"type" : "zip",
				"url" : "https://api.github.com/repos/Setasign/FPDF/zipball/b0ddd9c5b98ced8230ef38534f6f3c17308a7974",
				"reference" : "b0ddd9c5b98ced8230ef38534f6f3c17308a7974",
				"shasum" : ""
			},
			"require" : {
				"ext-gd" : "*",
				"ext-zlib" : "*"
			},
			"type" : "library",
			"autoload" : {
				"classmap" : [
					"fpdf.php"
				]
			},
			"notification-url" : "https://packagist.org/downloads/",
			"license" : [
				"MIT"
			],
			"authors" : [{
					"name" : "Olivier Plathey",
					"email" : "oliver@fpdf.org",
					"homepage" : "http://fpdf.org/"
				}
			],
			"description" : "FPDF is a PHP class which allows to generate PDF files with pure PHP. F from FPDF stands for Free: you may use it for any kind of usage and modify it to suit your needs.",
			"homepage" : "http://www.fpdf.org",
			"keywords" : [
				"fpdf",
				"pdf"
			],
			"support" : {
				"source" : "https://github.com/Setasign/FPDF/tree/1.8.4"
			},
			"time" : "2021-08-30T07:50:06+00:00"
		}, {
			"name" : "setasign/fpdi",
			"version" : "v2.3.6",
			"source" : {
				"type" : "git",
				"url" : "https://github.com/Setasign/FPDI.git",
				"reference" : "6231e315f73e4f62d72b73f3d6d78ff0eed93c31"
			},
			"dist" : {
				"type" : "zip",
				"url" : "https://api.github.com/repos/Setasign/FPDI/zipball/6231e315f73e4f62d72b73f3d6d78ff0eed93c31",
				"reference" : "6231e315f73e4f62d72b73f3d6d78ff0eed93c31",
				"shasum" : ""
			},
			"require" : {
				"ext-zlib" : "*",
				"php" : "^5.6 || ^7.0 || ^8.0"
			},
			"conflict" : {
				"setasign/tfpdf" : "<1.31"
			},
			"require-dev" : {
				"phpunit/phpunit" : "~5.7",
				"setasign/fpdf" : "~1.8",
				"setasign/tfpdf" : "1.31",
				"squizlabs/php_codesniffer" : "^3.5",
				"tecnickcom/tcpdf" : "~6.2"
			},
			"suggest" : {
				"setasign/fpdf" : "FPDI will extend this class but as it is also possible to use TCPDF or tFPDF as an alternative. There's no fixed dependency configured."
			},
			"type" : "library",
			"autoload" : {
				"psr-4" : {
					"setasign\\Fpdi\\" : "src/"
				}
			},
			"notification-url" : "https://packagist.org/downloads/",
			"license" : [
				"MIT"
			],
			"authors" : [{
					"name" : "Jan Slabon",
					"email" : "jan.slabon@setasign.com",
					"homepage" : "https://www.setasign.com"
				}, {
					"name" : "Maximilian Kresse",
					"email" : "maximilian.kresse@setasign.com",
					"homepage" : "https://www.setasign.com"
				}
			],
			"description" : "FPDI is a collection of PHP classes facilitating developers to read pages from existing PDF documents and use them as templates in FPDF. Because it is also possible to use FPDI with TCPDF, there are no fixed dependencies defined. Please see suggestions for packages which evaluates the dependencies automatically.",
			"homepage" : "https://www.setasign.com/fpdi",
			"keywords" : [
				"fpdf",
				"fpdi",
				"pdf"
			],
			"support" : {
				"issues" : "https://github.com/Setasign/FPDI/issues",
				"source" : "https://github.com/Setasign/FPDI/tree/v2.3.6"
			},
			"funding" : [{
					"url" : "https://tidelift.com/funding/github/packagist/setasign/fpdi",
					"type" : "tidelift"
				}
			],
			"time" : "2021-02-11T11:37:01+00:00"
		}, {
			"name" : "smalot/pdfparser",
			"version" : "v0.19.0",
			"source" : {
				"type" : "git",
				"url" : "https://github.com/smalot/pdfparser.git",
				"reference" : "1895c17417aefa4508e35836c46da61988d61f26"
			},
			"dist" : {
				"type" : "zip",
				"url" : "https://api.github.com/repos/smalot/pdfparser/zipball/1895c17417aefa4508e35836c46da61988d61f26",
				"reference" : "1895c17417aefa4508e35836c46da61988d61f26",
				"shasum" : ""
			},
			"require" : {
				"ext-zlib" : "*",
				"php" : ">=5.6",
				"symfony/polyfill-mbstring" : "^1.18"
			},
			"require-dev" : {
				"friendsofphp/php-cs-fixer" : "^2.16",
				"symfony/phpunit-bridge" : "^5.2"
			},
			"type" : "library",
			"autoload" : {
				"psr-0" : {
					"Smalot\\PdfParser\\" : "src/"
				}
			},
			"notification-url" : "https://packagist.org/downloads/",
			"license" : [
				"LGPL-3.0"
			],
			"authors" : [{
					"name" : "Sebastien MALOT",
					"email" : "sebastien@malot.fr"
				}
			],
			"description" : "Pdf parser library. Can read and extract information from pdf file.",
			"homepage" : "https://www.pdfparser.org",
			"keywords" : [
				"extract",
				"parse",
				"parser",
				"pdf",
				"text"
			],
			"support" : {
				"issues" : "https://github.com/smalot/pdfparser/issues",
				"source" : "https://github.com/smalot/pdfparser/tree/v0.19.0"
			},
			"time" : "2021-04-13T08:27:56+00:00"
		}, {
			"name" : "symfony/polyfill-mbstring",
			"version" : "v1.25.0",
			"source" : {
				"type" : "git",
				"url" : "https://github.com/symfony/polyfill-mbstring.git",
				"reference" : "0abb51d2f102e00a4eefcf46ba7fec406d245825"
			},
			"dist" : {
				"type" : "zip",
				"url" : "https://api.github.com/repos/symfony/polyfill-mbstring/zipball/0abb51d2f102e00a4eefcf46ba7fec406d245825",
				"reference" : "0abb51d2f102e00a4eefcf46ba7fec406d245825",
				"shasum" : ""
			},
			"require" : {
				"php" : ">=7.1"
			},
			"provide" : {
				"ext-mbstring" : "*"
			},
			"suggest" : {
				"ext-mbstring" : "For best performance"
			},
			"type" : "library",
			"extra" : {
				"branch-alias" : {
					"dev-main" : "1.23-dev"
				},
				"thanks" : {
					"name" : "symfony/polyfill",
					"url" : "https://github.com/symfony/polyfill"
				}
			},
			"autoload" : {
				"files" : [
					"bootstrap.php"
				],
				"psr-4" : {
					"Symfony\\Polyfill\\Mbstring\\" : ""
				}
			},
			"notification-url" : "https://packagist.org/downloads/",
			"license" : [
				"MIT"
			],
			"authors" : [{
					"name" : "Nicolas Grekas",
					"email" : "p@tchwork.com"
				}, {
					"name" : "Symfony Community",
					"homepage" : "https://symfony.com/contributors"
				}
			],
			"description" : "Symfony polyfill for the Mbstring extension",
			"homepage" : "https://symfony.com",
			"keywords" : [
				"compatibility",
				"mbstring",
				"polyfill",
				"portable",
				"shim"
			],
			"support" : {
				"source" : "https://github.com/symfony/polyfill-mbstring/tree/v1.25.0"
			},
			"funding" : [{
					"url" : "https://symfony.com/sponsor",
					"type" : "custom"
				}, {
					"url" : "https://github.com/fabpot",
					"type" : "github"
				}, {
					"url" : "https://tidelift.com/funding/github/packagist/symfony/symfony",
					"type" : "tidelift"
				}
			],
			"time" : "2021-11-30T18:21:41+00:00"
		}
	],
	"minimum-stability" : "stable",
	"prefer-stable" : false,
	"prefer-lowest" : false,
	"plugin-api-version" : "2.0.0"
}